// !$*UTF8*$!
{
	archiveVersion = 1;
	classes = {
	};
	objectVersion = 56;
	objects = {

/* Begin PBXBuildFile section */
		18EA22152BA36FBA00B3A2BD /* note_mvvmApp.swift in Sources */ = {isa = PBXBuildFile; fileRef = 18EA22142BA36FBA00B3A2BD /* note_mvvmApp.swift */; };
		18EA22172BA36FBA00B3A2BD /* ContentView.swift in Sources */ = {isa = PBXBuildFile; fileRef = 18EA22162BA36FBA00B3A2BD /* ContentView.swift */; };
		18EA22192BA36FBD00B3A2BD /* Assets.xcassets in Resources */ = {isa = PBXBuildFile; fileRef = 18EA22182BA36FBD00B3A2BD /* Assets.xcassets */; };
		18EA221C2BA36FBD00B3A2BD /* Preview Assets.xcassets in Resources */ = {isa = PBXBuildFile; fileRef = 18EA221B2BA36FBD00B3A2BD /* Preview Assets.xcassets */; };
		18EA22262BA36FBD00B3A2BD /* note_mvvmTests.swift in Sources */ = {isa = PBXBuildFile; fileRef = 18EA22252BA36FBD00B3A2BD /* note_mvvmTests.swift */; };
		18EA22302BA36FBD00B3A2BD /* note_mvvmUITests.swift in Sources */ = {isa = PBXBuildFile; fileRef = 18EA222F2BA36FBD00B3A2BD /* note_mvvmUITests.swift */; };
		18EA22322BA36FBD00B3A2BD /* note_mvvmUITestsLaunchTests.swift in Sources */ = {isa = PBXBuildFile; fileRef = 18EA22312BA36FBD00B3A2BD /* note_mvvmUITestsLaunchTests.swift */; };
/* End PBXBuildFile section */

/* Begin PBXContainerItemProxy section */
		18EA22222BA36FBD00B3A2BD /* PBXContainerItemProxy */ = {
			isa = PBXContainerItemProxy;
			containerPortal = 18EA22092BA36FBA00B3A2BD /* Project object */;
			proxyType = 1;
			remoteGlobalIDString = 18EA22102BA36FBA00B3A2BD;
			remoteInfo = note_mvvm;
		};
		18EA222C2BA36FBD00B3A2BD /* PBXContainerItemProxy */ = {
			isa = PBXContainerItemProxy;
			containerPortal = 18EA22092BA36FBA00B3A2BD /* Project object */;
			proxyType = 1;
			remoteGlobalIDString = 18EA22102BA36FBA00B3A2BD;
			remoteInfo = note_mvvm;
		};
/* End PBXContainerItemProxy section */

/* Begin PBXFileReference section */
		18EA22112BA36FBA00B3A2BD /* note_mvvm.app */ = {isa = PBXFileReference; explicitFileType = wrapper.application; includeInIndex = 0; path = note_mvvm.app; sourceTree = BUILT_PRODUCTS_DIR; };
		18EA22142BA36FBA00B3A2BD /* note_mvvmApp.swift */ = {isa = PBXFileReference; lastKnownFileType = sourcecode.swift; path = note_mvvmApp.swift; sourceTree = "<group>"; };
		18EA22162BA36FBA00B3A2BD /* ContentView.swift */ = {isa = PBXFileReference; lastKnownFileType = sourcecode.swift; path = ContentView.swift; sourceTree = "<group>"; };
		18EA22182BA36FBD00B3A2BD /* Assets.xcassets */ = {isa = PBXFileReference; lastKnownFileType = folder.assetcatalog; path = Assets.xcassets; sourceTree = "<group>"; };
		18EA221B2BA36FBD00B3A2BD /* Preview Assets.xcassets */ = {isa = PBXFileReference; lastKnownFileType = folder.assetcatalog; path = "Preview Assets.xcassets"; sourceTree = "<group>"; };
		18EA22212BA36FBD00B3A2BD /* note_mvvmTests.xctest */ = {isa = PBXFileReference; explicitFileType = wrapper.cfbundle; includeInIndex = 0; path = note_mvvmTests.xctest; sourceTree = BUILT_PRODUCTS_DIR; };
		18EA22252BA36FBD00B3A2BD /* note_mvvmTests.swift */ = {isa = PBXFileReference; lastKnownFileType = sourcecode.swift; path = note_mvvmTests.swift; sourceTree = "<group>"; };
		18EA222B2BA36FBD00B3A2BD /* note_mvvmUITests.xctest */ = {isa = PBXFileReference; explicitFileType = wrapper.cfbundle; includeInIndex = 0; path = note_mvvmUITests.xctest; sourceTree = BUILT_PRODUCTS_DIR; };
		18EA222F2BA36FBD00B3A2BD /* note_mvvmUITests.swift */ = {isa = PBXFileReference; lastKnownFileType = sourcecode.swift; path = note_mvvmUITests.swift; sourceTree = "<group>"; };
		18EA22312BA36FBD00B3A2BD /* note_mvvmUITestsLaunchTests.swift */ = {isa = PBXFileReference; lastKnownFileType = sourcecode.swift; path = note_mvvmUITestsLaunchTests.swift; sourceTree = "<group>"; };
/* End PBXFileReference section */

/* Begin PBXFrameworksBuildPhase section */
		18EA220E2BA36FBA00B3A2BD /* Frameworks */ = {
			isa = PBXFrameworksBuildPhase;
			buildActionMask = 2147483647;
			files = (
			);
			runOnlyForDeploymentPostprocessing = 0;
		};
		18EA221E2BA36FBD00B3A2BD /* Frameworks */ = {
			isa = PBXFrameworksBuildPhase;
			buildActionMask = 2147483647;
			files = (
			);
			runOnlyForDeploymentPostprocessing = 0;
		};
		18EA22282BA36FBD00B3A2BD /* Frameworks */ = {
			isa = PBXFrameworksBuildPhase;
			buildActionMask = 2147483647;
			files = (
			);
			runOnlyForDeploymentPostprocessing = 0;
		};
/* End PBXFrameworksBuildPhase section */

/* Begin PBXGroup section */
		18EA22082BA36FBA00B3A2BD = {
			isa = PBXGroup;
			children = (
				18EA22132BA36FBA00B3A2BD /* note_mvvm */,
				18EA22242BA36FBD00B3A2BD /* note_mvvmTests */,
				18EA222E2BA36FBD00B3A2BD /* note_mvvmUITests */,
				18EA22122BA36FBA00B3A2BD /* Products */,
			);
			sourceTree = "<group>";
		};
		18EA22122BA36FBA00B3A2BD /* Products */ = {
			isa = PBXGroup;
			children = (
				18EA22112BA36FBA00B3A2BD /* note_mvvm.app */,
				18EA22212BA36FBD00B3A2BD /* note_mvvmTests.xctest */,
				18EA222B2BA36FBD00B3A2BD /* note_mvvmUITests.xctest */,
			);
			name = Products;
			sourceTree = "<group>";
		};
		18EA22132BA36FBA00B3A2BD /* note_mvvm */ = {
			isa = PBXGroup;
			children = (
				18EA22142BA36FBA00B3A2BD /* note_mvvmApp.swift */,
				18EA22162BA36FBA00B3A2BD /* ContentView.swift */,
				18EA22182BA36FBD00B3A2BD /* Assets.xcassets */,
				18EA221A2BA36FBD00B3A2BD /* Preview Content */,
			);
			path = note_mvvm;
			sourceTree = "<group>";
		};
		18EA221A2BA36FBD00B3A2BD /* Preview Content */ = {
			isa = PBXGroup;
			children = (
				18EA221B2BA36FBD00B3A2BD /* Preview Assets.xcassets */,
			);
			path = "Preview Content";
			sourceTree = "<group>";
		};
		18EA22242BA36FBD00B3A2BD /* note_mvvmTests */ = {
			isa = PBXGroup;
			children = (
				18EA22252BA36FBD00B3A2BD /* note_mvvmTests.swift */,
			);
			path = note_mvvmTests;
			sourceTree = "<group>";
		};
		18EA222E2BA36FBD00B3A2BD /* note_mvvmUITests */ = {
			isa = PBXGroup;
			children = (
				18EA222F2BA36FBD00B3A2BD /* note_mvvmUITests.swift */,
				18EA22312BA36FBD00B3A2BD /* note_mvvmUITestsLaunchTests.swift */,
			);
			path = note_mvvmUITests;
			sourceTree = "<group>";
		};
/* End PBXGroup section */

/* Begin PBXNativeTarget section */
		18EA22102BA36FBA00B3A2BD /* note_mvvm */ = {
			isa = PBXNativeTarget;
			buildConfigurationList = 18EA22352BA36FBD00B3A2BD /* Build configuration list for PBXNativeTarget "note_mvvm" */;
			buildPhases = (
				18EA220D2BA36FBA00B3A2BD /* Sources */,
				18EA220E2BA36FBA00B3A2BD /* Frameworks */,
				18EA220F2BA36FBA00B3A2BD /* Resources */,
			);
			buildRules = (
			);
			dependencies = (
			);
			name = note_mvvm;
			productName = note_mvvm;
			productReference = 18EA22112BA36FBA00B3A2BD /* note_mvvm.app */;
			productType = "com.apple.product-type.application";
		};
		18EA22202BA36FBD00B3A2BD /* note_mvvmTests */ = {
			isa = PBXNativeTarget;
			buildConfigurationList = 18EA22382BA36FBD00B3A2BD /* Build configuration list for PBXNativeTarget "note_mvvmTests" */;
			buildPhases = (
				18EA221D2BA36FBD00B3A2BD /* Sources */,
				18EA221E2BA36FBD00B3A2BD /* Frameworks */,
				18EA221F2BA36FBD00B3A2BD /* Resources */,
			);
			buildRules = (
			);
			dependencies = (
				18EA22232BA36FBD00B3A2BD /* PBXTargetDependency */,
			);
			name = note_mvvmTests;
			productName = note_mvvmTests;
			productReference = 18EA22212BA36FBD00B3A2BD /* note_mvvmTests.xctest */;
			productType = "com.apple.product-type.bundle.unit-test";
		};
		18EA222A2BA36FBD00B3A2BD /* note_mvvmUITests */ = {
			isa = PBXNativeTarget;
			buildConfigurationList = 18EA223B2BA36FBD00B3A2BD /* Build configuration list for PBXNativeTarget "note_mvvmUITests" */;
			buildPhases = (
				18EA22272BA36FBD00B3A2BD /* Sources */,
				18EA22282BA36FBD00B3A2BD /* Frameworks */,
				18EA22292BA36FBD00B3A2BD /* Resources */,
			);
			buildRules = (
			);
			dependencies = (
				18EA222D2BA36FBD00B3A2BD /* PBXTargetDependency */,
			);
			name = note_mvvmUITests;
			productName = note_mvvmUITests;
			productReference = 18EA222B2BA36FBD00B3A2BD /* note_mvvmUITests.xctest */;
			productType = "com.apple.product-type.bundle.ui-testing";
		};
/* End PBXNativeTarget section */

/* Begin PBXProject section */
		18EA22092BA36FBA00B3A2BD /* Project object */ = {
			isa = PBXProject;
			attributes = {
				BuildIndependentTargetsInParallel = 1;
				LastSwiftUpdateCheck = 1500;
				LastUpgradeCheck = 1500;
				TargetAttributes = {
					18EA22102BA36FBA00B3A2BD = {
						CreatedOnToolsVersion = 15.0.1;
					};
					18EA22202BA36FBD00B3A2BD = {
						CreatedOnToolsVersion = 15.0.1;
						TestTargetID = 18EA22102BA36FBA00B3A2BD;
					};
					18EA222A2BA36FBD00B3A2BD = {
						CreatedOnToolsVersion = 15.0.1;
						TestTargetID = 18EA22102BA36FBA00B3A2BD;
					};
				};
			};
			buildConfigurationList = 18EA220C2BA36FBA00B3A2BD /* Build configuration list for PBXProject "note_mvvm" */;
			compatibilityVersion = "Xcode 14.0";
			developmentRegion = en;
			hasScannedForEncodings = 0;
			knownRegions = (
				en,
				Base,
			);
			mainGroup = 18EA22082BA36FBA00B3A2BD;
			productRefGroup = 18EA22122BA36FBA00B3A2BD /* Products */;
			projectDirPath = "";
			projectRoot = "";
			targets = (
				18EA22102BA36FBA00B3A2BD /* note_mvvm */,
				18EA22202BA36FBD00B3A2BD /* note_mvvmTests */,
				18EA222A2BA36FBD00B3A2BD /* note_mvvmUITests */,
			);
		};
/* End PBXProject section */

/* Begin PBXResourcesBuildPhase section */
		18EA220F2BA36FBA00B3A2BD /* Resources */ = {
			isa = PBXResourcesBuildPhase;
			buildActionMask = 2147483647;
			files = (
				18EA221C2BA36FBD00B3A2BD /* Preview Assets.xcassets in Resources */,
				18EA22192BA36FBD00B3A2BD /* Assets.xcassets in Resources */,
			);
			runOnlyForDeploymentPostprocessing = 0;
		};
		18EA221F2BA36FBD00B3A2BD /* Resources */ = {
			isa = PBXResourcesBuildPhase;
			buildActionMask = 2147483647;
			files = (
			);
			runOnlyForDeploymentPostprocessing = 0;
		};
		18EA22292BA36FBD00B3A2BD /* Resources */ = {
			isa = PBXResourcesBuildPhase;
			buildActionMask = 2147483647;
			files = (
			);
			runOnlyForDeploymentPostprocessing = 0;
		};
/* End PBXResourcesBuildPhase section */

/* Begin PBXSourcesBuildPhase section */
		18EA220D2BA36FBA00B3A2BD /* Sources */ = {
			isa = PBXSourcesBuildPhase;
			buildActionMask = 2147483647;
			files = (
				18EA22172BA36FBA00B3A2BD /* ContentView.swift in Sources */,
				18EA22152BA36FBA00B3A2BD /* note_mvvmApp.swift in Sources */,
			);
			runOnlyForDeploymentPostprocessing = 0;
		};
		18EA221D2BA36FBD00B3A2BD /* Sources */ = {
			isa = PBXSourcesBuildPhase;
			buildActionMask = 2147483647;
			files = (
				18EA22262BA36FBD00B3A2BD /* note_mvvmTests.swift in Sources */,
			);
			runOnlyForDeploymentPostprocessing = 0;
		};
		18EA22272BA36FBD00B3A2BD /* Sources */ = {
			isa = PBXSourcesBuildPhase;
			buildActionMask = 2147483647;
			files = (
				18EA22322BA36FBD00B3A2BD /* note_mvvmUITestsLaunchTests.swift in Sources */,
				18EA22302BA36FBD00B3A2BD /* note_mvvmUITests.swift in Sources */,
			);
			runOnlyForDeploymentPostprocessing = 0;
		};
/* End PBXSourcesBuildPhase section */

/* Begin PBXTargetDependency section */
		18EA22232BA36FBD00B3A2BD /* PBXTargetDependency */ = {
			isa = PBXTargetDependency;
			target = 18EA22102BA36FBA00B3A2BD /* note_mvvm */;
			targetProxy = 18EA22222BA36FBD00B3A2BD /* PBXContainerItemProxy */;
		};
		18EA222D2BA36FBD00B3A2BD /* PBXTargetDependency */ = {
			isa = PBXTargetDependency;
			target = 18EA22102BA36FBA00B3A2BD /* note_mvvm */;
			targetProxy = 18EA222C2BA36FBD00B3A2BD /* PBXContainerItemProxy */;
		};
/* End PBXTargetDependency section */

/* Begin XCBuildConfiguration section */
		18EA22332BA36FBD00B3A2BD /* Debug */ = {
			isa = XCBuildConfiguration;
			buildSettings = {
				ALWAYS_SEARCH_USER_PATHS = NO;
				ASSETCATALOG_COMPILER_GENERATE_SWIFT_ASSET_SYMBOL_EXTENSIONS = YES;
				CLANG_ANALYZER_NONNULL = YES;
				CLANG_ANALYZER_NUMBER_OBJECT_CONVERSION = YES_AGGRESSIVE;
				CLANG_CXX_LANGUAGE_STANDARD = "gnu++20";
				CLANG_ENABLE_MODULES = YES;
				CLANG_ENABLE_OBJC_ARC = YES;
				CLANG_ENABLE_OBJC_WEAK = YES;
				CLANG_WARN_BLOCK_CAPTURE_AUTORELEASING = YES;
				CLANG_WARN_BOOL_CONVERSION = YES;
				CLANG_WARN_COMMA = YES;
				CLANG_WARN_CONSTANT_CONVERSION = YES;
				CLANG_WARN_DEPRECATED_OBJC_IMPLEMENTATIONS = YES;
				CLANG_WARN_DIRECT_OBJC_ISA_USAGE = YES_ERROR;
				CLANG_WARN_DOCUMENTATION_COMMENTS = YES;
				CLANG_WARN_EMPTY_BODY = YES;
				CLANG_WARN_ENUM_CONVERSION = YES;
				CLANG_WARN_INFINITE_RECURSION = YES;
				CLANG_WARN_INT_CONVERSION = YES;
				CLANG_WARN_NON_LITERAL_NULL_CONVERSION = YES;
				CLANG_WARN_OBJC_IMPLICIT_RETAIN_SELF = YES;
				CLANG_WARN_OBJC_LITERAL_CONVERSION = YES;
				CLANG_WARN_OBJC_ROOT_CLASS = YES_ERROR;
				CLANG_WARN_QUOTED_INCLUDE_IN_FRAMEWORK_HEADER = YES;
				CLANG_WARN_RANGE_LOOP_ANALYSIS = YES;
				CLANG_WARN_STRICT_PROTOTYPES = YES;
				CLANG_WARN_SUSPICIOUS_MOVE = YES;
				CLANG_WARN_UNGUARDED_AVAILABILITY = YES_AGGRESSIVE;
				CLANG_WARN_UNREACHABLE_CODE = YES;
				CLANG_WARN__DUPLICATE_METHOD_MATCH = YES;
				COPY_PHASE_STRIP = NO;
				DEBUG_INFORMATION_FORMAT = dwarf;
				ENABLE_STRICT_OBJC_MSGSEND = YES;
				ENABLE_TESTABILITY = YES;
				ENABLE_USER_SCRIPT_SANDBOXING = YES;
				GCC_C_LANGUAGE_STANDARD = gnu17;
				GCC_DYNAMIC_NO_PIC = NO;
				GCC_NO_COMMON_BLOCKS = YES;
				GCC_OPTIMIZATION_LEVEL = 0;
				GCC_PREPROCESSOR_DEFINITIONS = (
					"DEBUG=1",
					"$(inherited)",
				);
				GCC_WARN_64_TO_32_BIT_CONVERSION = YES;
				GCC_WARN_ABOUT_RETURN_TYPE = YES_ERROR;
				GCC_WARN_UNDECLARED_SELECTOR = YES;
				GCC_WARN_UNINITIALIZED_AUTOS = YES_AGGRESSIVE;
				GCC_WARN_UNUSED_FUNCTION = YES;
				GCC_WARN_UNUSED_VARIABLE = YES;
				IPHONEOS_DEPLOYMENT_TARGET = 17.0;
				LOCALIZATION_PREFERS_STRING_CATALOGS = YES;
				MTL_ENABLE_DEBUG_INFO = INCLUDE_SOURCE;
				MTL_FAST_MATH = YES;
				ONLY_ACTIVE_ARCH = YES;
				SDKROOT = iphoneos;
				SWIFT_ACTIVE_COMPILATION_CONDITIONS = "DEBUG $(inherited)";
				SWIFT_OPTIMIZATION_LEVEL = "-Onone";
			};
			name = Debug;
		};
		18EA22342BA36FBD00B3A2BD /* Release */ = {
			isa = XCBuildConfiguration;
			buildSettings = {
				ALWAYS_SEARCH_USER_PATHS = NO;
				ASSETCATALOG_COMPILER_GENERATE_SWIFT_ASSET_SYMBOL_EXTENSIONS = YES;
				CLANG_ANALYZER_NONNULL = YES;
				CLANG_ANALYZER_NUMBER_OBJECT_CONVERSION = YES_AGGRESSIVE;
				CLANG_CXX_LANGUAGE_STANDARD = "gnu++20";
				CLANG_ENABLE_MODULES = YES;
				CLANG_ENABLE_OBJC_ARC = YES;
				CLANG_ENABLE_OBJC_WEAK = YES;
				CLANG_WARN_BLOCK_CAPTURE_AUTORELEASING = YES;
				CLANG_WARN_BOOL_CONVERSION = YES;
				CLANG_WARN_COMMA = YES;
				CLANG_WARN_CONSTANT_CONVERSION = YES;
				CLANG_WARN_DEPRECATED_OBJC_IMPLEMENTATIONS = YES;
				CLANG_WARN_DIRECT_OBJC_ISA_USAGE = YES_ERROR;
				CLANG_WARN_DOCUMENTATION_COMMENTS = YES;
				CLANG_WARN_EMPTY_BODY = YES;
				CLANG_WARN_ENUM_CONVERSION = YES;
				CLANG_WARN_INFINITE_RECURSION = YES;
				CLANG_WARN_INT_CONVERSION = YES;
				CLANG_WARN_NON_LITERAL_NULL_CONVERSION = YES;
				CLANG_WARN_OBJC_IMPLICIT_RETAIN_SELF = YES;
				CLANG_WARN_OBJC_LITERAL_CONVERSION = YES;
				CLANG_WARN_OBJC_ROOT_CLASS = YES_ERROR;
				CLANG_WARN_QUOTED_INCLUDE_IN_FRAMEWORK_HEADER = YES;
				CLANG_WARN_RANGE_LOOP_ANALYSIS = YES;
				CLANG_WARN_STRICT_PROTOTYPES = YES;
				CLANG_WARN_SUSPICIOUS_MOVE = YES;
				CLANG_WARN_UNGUARDED_AVAILABILITY = YES_AGGRESSIVE;
				CLANG_WARN_UNREACHABLE_CODE = YES;
				CLANG_WARN__DUPLICATE_METHOD_MATCH = YES;
				COPY_PHASE_STRIP = NO;
				DEBUG_INFORMATION_FORMAT = "dwarf-with-dsym";
				ENABLE_NS_ASSERTIONS = NO;
				ENABLE_STRICT_OBJC_MSGSEND = YES;
				ENABLE_USER_SCRIPT_SANDBOXING = YES;
				GCC_C_LANGUAGE_STANDARD = gnu17;
				GCC_NO_COMMON_BLOCKS = YES;
				GCC_WARN_64_TO_32_BIT_CONVERSION = YES;
				GCC_WARN_ABOUT_RETURN_TYPE = YES_ERROR;
				GCC_WARN_UNDECLARED_SELECTOR = YES;
				GCC_WARN_UNINITIALIZED_AUTOS = YES_AGGRESSIVE;
				GCC_WARN_UNUSED_FUNCTION = YES;
				GCC_WARN_UNUSED_VARIABLE = YES;
				IPHONEOS_DEPLOYMENT_TARGET = 17.0;
				LOCALIZATION_PREFERS_STRING_CATALOGS = YES;
				MTL_ENABLE_DEBUG_INFO = NO;
				MTL_FAST_MATH = YES;
				SDKROOT = iphoneos;
				SWIFT_COMPILATION_MODE = wholemodule;
				VALIDATE_PRODUCT = YES;
			};
			name = Release;
		};
		18EA22362BA36FBD00B3A2BD /* Debug */ = {
			isa = XCBuildConfiguration;
			buildSettings = {
				ASSETCATALOG_COMPILER_APPICON_NAME = AppIcon;
				ASSETCATALOG_COMPILER_GLOBAL_ACCENT_COLOR_NAME = AccentColor;
				CODE_SIGN_STYLE = Automatic;
				CURRENT_PROJECT_VERSION = 1;
				DEVELOPMENT_ASSET_PATHS = "\"note_mvvm/Preview Content\"";
				ENABLE_PREVIEWS = YES;
				GENERATE_INFOPLIST_FILE = YES;
				INFOPLIST_KEY_UIApplicationSceneManifest_Generation = YES;
				INFOPLIST_KEY_UIApplicationSupportsIndirectInputEvents = YES;
				INFOPLIST_KEY_UILaunchScreen_Generation = YES;
				INFOPLIST_KEY_UISupportedInterfaceOrientations_iPad = "UIInterfaceOrientationPortrait UIInterfaceOrientationPortraitUpsideDown UIInterfaceOrientationLandscapeLeft UIInterfaceOrientationLandscapeRight";
				INFOPLIST_KEY_UISupportedInterfaceOrientations_iPhone = "UIInterfaceOrientationPortrait UIInterfaceOrientationLandscapeLeft UIInterfaceOrientationLandscapeRight";
				LD_RUNPATH_SEARCH_PATHS = (
					"$(inherited)",
					"@executable_path/Frameworks",
				);
				MARKETING_VERSION = 1.0;
				PRODUCT_BUNDLE_IDENTIFIER = "com.note.note-mvvm";
				PRODUCT_NAME = "$(TARGET_NAME)";
				SWIFT_EMIT_LOC_STRINGS = YES;
				SWIFT_VERSION = 5.0;
				TARGETED_DEVICE_FAMILY = "1,2";
			};
			name = Debug;
		};
		18EA22372BA36FBD00B3A2BD /* Release */ = {
			isa = XCBuildConfiguration;
			buildSettings = {
				ASSETCATALOG_COMPILER_APPICON_NAME = AppIcon;
				ASSETCATALOG_COMPILER_GLOBAL_ACCENT_COLOR_NAME = AccentColor;
				CODE_SIGN_STYLE = Automatic;
				CURRENT_PROJECT_VERSION = 1;
				DEVELOPMENT_ASSET_PATHS = "\"note_mvvm/Preview Content\"";
				ENABLE_PREVIEWS = YES;
				GENERATE_INFOPLIST_FILE = YES;
				INFOPLIST_KEY_UIApplicationSceneManifest_Generation = YES;
				INFOPLIST_KEY_UIApplicationSupportsIndirectInputEvents = YES;
				INFOPLIST_KEY_UILaunchScreen_Generation = YES;
				INFOPLIST_KEY_UISupportedInterfaceOrientations_iPad = "UIInterfaceOrientationPortrait UIInterfaceOrientationPortraitUpsideDown UIInterfaceOrientationLandscapeLeft UIInterfaceOrientationLandscapeRight";
				INFOPLIST_KEY_UISupportedInterfaceOrientations_iPhone = "UIInterfaceOrientationPortrait UIInterfaceOrientationLandscapeLeft UIInterfaceOrientationLandscapeRight";
				LD_RUNPATH_SEARCH_PATHS = (
					"$(inherited)",
					"@executable_path/Frameworks",
				);
				MARKETING_VERSION = 1.0;
				PRODUCT_BUNDLE_IDENTIFIER = "com.note.note-mvvm";
				PRODUCT_NAME = "$(TARGET_NAME)";
				SWIFT_EMIT_LOC_STRINGS = YES;
				SWIFT_VERSION = 5.0;
				TARGETED_DEVICE_FAMILY = "1,2";
			};
			name = Release;
		};
		18EA22392BA36FBD00B3A2BD /* Debug */ = {
			isa = XCBuildConfiguration;
			buildSettings = {
				ALWAYS_EMBED_SWIFT_STANDARD_LIBRARIES = YES;
				BUNDLE_LOADER = "$(TEST_HOST)";
				CODE_SIGN_STYLE = Automatic;
				CURRENT_PROJECT_VERSION = 1;
				GENERATE_INFOPLIST_FILE = YES;
				IPHONEOS_DEPLOYMENT_TARGET = 17.0;
				MARKETING_VERSION = 1.0;
				PRODUCT_BUNDLE_IDENTIFIER = "com.note.note-mvvmTests";
				PRODUCT_NAME = "$(TARGET_NAME)";
				SWIFT_EMIT_LOC_STRINGS = NO;
				SWIFT_VERSION = 5.0;
				TARGETED_DEVICE_FAMILY = "1,2";
				TEST_HOST = "$(BUILT_PRODUCTS_DIR)/note_mvvm.app/$(BUNDLE_EXECUTABLE_FOLDER_PATH)/note_mvvm";
			};
			name = Debug;
		};
		18EA223A2BA36FBD00B3A2BD /* Release */ = {
			isa = XCBuildConfiguration;
			buildSettings = {
				ALWAYS_EMBED_SWIFT_STANDARD_LIBRARIES = YES;
				BUNDLE_LOADER = "$(TEST_HOST)";
				CODE_SIGN_STYLE = Automatic;
				CURRENT_PROJECT_VERSION = 1;
				GENERATE_INFOPLIST_FILE = YES;
				IPHONEOS_DEPLOYMENT_TARGET = 17.0;
				MARKETING_VERSION = 1.0;
				PRODUCT_BUNDLE_IDENTIFIER = "com.note.note-mvvmTests";
				PRODUCT_NAME = "$(TARGET_NAME)";
				SWIFT_EMIT_LOC_STRINGS = NO;
				SWIFT_VERSION = 5.0;
				TARGETED_DEVICE_FAMILY = "1,2";
				TEST_HOST = "$(BUILT_PRODUCTS_DIR)/note_mvvm.app/$(BUNDLE_EXECUTABLE_FOLDER_PATH)/note_mvvm";
			};
			name = Release;
		};
		18EA223C2BA36FBD00B3A2BD /* Debug */ = {
			isa = XCBuildConfiguration;
			buildSettings = {
				ALWAYS_EMBED_SWIFT_STANDARD_LIBRARIES = YES;
				CODE_SIGN_STYLE = Automatic;
				CURRENT_PROJECT_VERSION = 1;
				GENERATE_INFOPLIST_FILE = YES;
				MARKETING_VERSION = 1.0;
				PRODUCT_BUNDLE_IDENTIFIER = "com.note.note-mvvmUITests";
				PRODUCT_NAME = "$(TARGET_NAME)";
				SWIFT_EMIT_LOC_STRINGS = NO;
				SWIFT_VERSION = 5.0;
				TARGETED_DEVICE_FAMILY = "1,2";
				TEST_TARGET_NAME = note_mvvm;
			};
			name = Debug;
		};
		18EA223D2BA36FBD00B3A2BD /* Release */ = {
			isa = XCBuildConfiguration;
			buildSettings = {
				ALWAYS_EMBED_SWIFT_STANDARD_LIBRARIES = YES;
				CODE_SIGN_STYLE = Automatic;
				CURRENT_PROJECT_VERSION = 1;
				GENERATE_INFOPLIST_FILE = YES;
				MARKETING_VERSION = 1.0;
				PRODUCT_BUNDLE_IDENTIFIER = "com.note.note-mvvmUITests";
				PRODUCT_NAME = "$(TARGET_NAME)";
				SWIFT_EMIT_LOC_STRINGS = NO;
				SWIFT_VERSION = 5.0;
				TARGETED_DEVICE_FAMILY = "1,2";
				TEST_TARGET_NAME = note_mvvm;
			};
			name = Release;
		};
/* End XCBuildConfiguration section */

/* Begin XCConfigurationList section */
		18EA220C2BA36FBA00B3A2BD /* Build configuration list for PBXProject "note_mvvm" */ = {
			isa = XCConfigurationList;
			buildConfigurations = (
				18EA22332BA36FBD00B3A2BD /* Debug */,
				18EA22342BA36FBD00B3A2BD /* Release */,
			);
			defaultConfigurationIsVisible = 0;
			defaultConfigurationName = Release;
		};
		18EA22352BA36FBD00B3A2BD /* Build configuration list for PBXNativeTarget "note_mvvm" */ = {
			isa = XCConfigurationList;
			buildConfigurations = (
				18EA22362BA36FBD00B3A2BD /* Debug */,
				18EA22372BA36FBD00B3A2BD /* Release */,
			);
			defaultConfigurationIsVisible = 0;
			defaultConfigurationName = Release;
		};
		18EA22382BA36FBD00B3A2BD /* Build configuration list for PBXNativeTarget "note_mvvmTests" */ = {
			isa = XCConfigurationList;
			buildConfigurations = (
				18EA22392BA36FBD00B3A2BD /* Debug */,
				18EA223A2BA36FBD00B3A2BD /* Release */,
			);
			defaultConfigurationIsVisible = 0;
			defaultConfigurationName = Release;
		};
		18EA223B2BA36FBD00B3A2BD /* Build configuration list for PBXNativeTarget "note_mvvmUITests" */ = {
			isa = XCConfigurationList;
			buildConfigurations = (
				18EA223C2BA36FBD00B3A2BD /* Debug */,
				18EA223D2BA36FBD00B3A2BD /* Release */,
			);
			defaultConfigurationIsVisible = 0;
			defaultConfigurationName = Release;
		};
/* End XCConfigurationList section */
	};
	rootObject = 18EA22092BA36FBA00B3A2BD /* Project object */;
}
